PODS:
  - FBSnapshotTestCase (2.1.4):
    - FBSnapshotTestCase/SwiftSupport (= 2.1.4)
  - FBSnapshotTestCase/Core (2.1.4)
  - FBSnapshotTestCase/SwiftSupport (2.1.4):
    - FBSnapshotTestCase/Core
  - JDYYPodTest (0.1.0)

DEPENDENCIES:
  - FBSnapshotTestCase
  - JDYYPodTest (from `../`)

SPEC REPOS:
  trunk:
    - FBSnapshotTestCase

EXTERNAL SOURCES:
  JDYYPodTest:
    :path: "../"

SPEC CHECKSUMS:
  FBSnapshotTestCase: 094f9f314decbabe373b87cc339bea235a63e07a
  JDYYPodTest: e763e7579b98bf63980ac2909a189570ae556305

PODFILE CHECKSUM: 64bc2b2b7a6e7f6d03dd0729d5b5d70da47a7e08

COCOAPODS: 1.10.0
